
Microsoft Visual Studio Solution File, Format Version 12.00
# Visual Studio Version 17
VisualStudioVersion = 17.0.31903.59
MinimumVisualStudioVersion = 10.0.40219.1
Project("{FAE04EC0-301F-11D3-BF4B-00C04F79EFBC}") = "CalcLib", "CalcLib\CalcLib.csproj", "{7414EDF2-4FDC-451B-A664-F69B331F1914}"
EndProject
Project("{FAE04EC0-301F-11D3-BF4B-00C04F79EFBC}") = "CalcLib.Tests", "CalcLib.Tests\CalcLib.Tests.csproj", "{35A6DB48-4C49-4D3E-BACA-C63650147554}"
EndProject
Global
	GlobalSection(SolutionConfigurationPlatforms) = preSolution
		Debug|Any CPU = Debug|Any CPU
		Debug|x64 = Debug|x64
		Debug|x86 = Debug|x86
		Release|Any CPU = Release|Any CPU
		Release|x64 = Release|x64
		Release|x86 = Release|x86
	EndGlobalSection
	GlobalSection(ProjectConfigurationPlatforms) = postSolution
		{7414EDF2-4FDC-451B-A664-F69B331F1914}.Debug|Any CPU.ActiveCfg = Debug|Any CPU
		{7414EDF2-4FDC-451B-A664-F69B331F1914}.Debug|Any CPU.Build.0 = Debug|Any CPU
		{7414EDF2-4FDC-451B-A664-F69B331F1914}.Debug|x64.ActiveCfg = Debug|Any CPU
		{7414EDF2-4FDC-451B-A664-F69B331F1914}.Debug|x64.Build.0 = Debug|Any CPU
		{7414EDF2-4FDC-451B-A664-F69B331F1914}.Debug|x86.ActiveCfg = Debug|Any CPU
		{7414EDF2-4FDC-451B-A664-F69B331F1914}.Debug|x86.Build.0 = Debug|Any CPU
		{7414EDF2-4FDC-451B-A664-F69B331F1914}.Release|Any CPU.ActiveCfg = Release|Any CPU
		{7414EDF2-4FDC-451B-A664-F69B331F1914}.Release|Any CPU.Build.0 = Release|Any CPU
		{7414EDF2-4FDC-451B-A664-F69B331F1914}.Release|x64.ActiveCfg = Release|Any CPU
		{7414EDF2-4FDC-451B-A664-F69B331F1914}.Release|x64.Build.0 = Release|Any CPU
		{7414EDF2-4FDC-451B-A664-F69B331F1914}.Release|x86.ActiveCfg = Release|Any CPU
		{7414EDF2-4FDC-451B-A664-F69B331F1914}.Release|x86.Build.0 = Release|Any CPU
		{35A6DB48-4C49-4D3E-BACA-C63650147554}.Debug|Any CPU.ActiveCfg = Debug|Any CPU
		{35A6DB48-4C49-4D3E-BACA-C63650147554}.Debug|Any CPU.Build.0 = Debug|Any CPU
		{35A6DB48-4C49-4D3E-BACA-C63650147554}.Debug|x64.ActiveCfg = Debug|Any CPU
		{35A6DB48-4C49-4D3E-BACA-C63650147554}.Debug|x64.Build.0 = Debug|Any CPU
		{35A6DB48-4C49-4D3E-BACA-C63650147554}.Debug|x86.ActiveCfg = Debug|Any CPU
		{35A6DB48-4C49-4D3E-BACA-C63650147554}.Debug|x86.Build.0 = Debug|Any CPU
		{35A6DB48-4C49-4D3E-BACA-C63650147554}.Release|Any CPU.ActiveCfg = Release|Any CPU
		{35A6DB48-4C49-4D3E-BACA-C63650147554}.Release|Any CPU.Build.0 = Release|Any CPU
		{35A6DB48-4C49-4D3E-BACA-C63650147554}.Release|x64.ActiveCfg = Release|Any CPU
		{35A6DB48-4C49-4D3E-BACA-C63650147554}.Release|x64.Build.0 = Release|Any CPU
		{35A6DB48-4C49-4D3E-BACA-C63650147554}.Release|x86.ActiveCfg = Release|Any CPU
		{35A6DB48-4C49-4D3E-BACA-C63650147554}.Release|x86.Build.0 = Release|Any CPU
	EndGlobalSection
	GlobalSection(SolutionProperties) = preSolution
		HideSolutionNode = FALSE
	EndGlobalSection
EndGlobal
